PODS:
  - Alamofire (4.9.1)
  - BetterSegmentedControl (2.0.1)
  - Bluejay (0.8.8)
  - Differentiator (4.0.1)
  - Kingfisher (5.15.7):
    - Kingfisher/Core (= 5.15.7)
  - Kingfisher/Core (5.15.7)
  - Moya (13.0.1):
    - Moya/Core (= 13.0.1)
  - Moya/Core (13.0.1):
    - Alamofire (~> 4.1)
    - Result (~> 4.1)
  - NVActivityIndicatorView (5.1.1):
    - NVActivityIndicatorView/Base (= 5.1.1)
  - NVActivityIndicatorView/Base (5.1.1)
  - ReachabilitySwift (4.3.1)
  - Realm (5.5.0):
    - Realm/Headers (= 5.5.0)
  - Realm/Headers (5.5.0)
  - RealmSwift (5.5.0):
    - Realm (= 5.5.0)
  - Result (4.1.0)
  - RxCocoa (5.1.1):
    - RxRelay (~> 5)
    - RxSwift (~> 5)
  - RxDataSources (4.0.1):
    - Differentiator (~> 4.0)
    - RxCocoa (~> 5.0)
    - RxSwift (~> 5.0)
  - RxReachability (1.0.0):
    - ReachabilitySwift (~> 4.3.1)
    - RxCocoa (~> 5)
    - RxSwift (~> 5)
  - RxRelay (5.1.1):
    - RxSwift (~> 5)
  - RxSwift (5.1.1)
  - SnapKit (5.0.1)
  - SVProgressHUD (2.2.5)
  - SwiftGen (6.4.0)

DEPENDENCIES:
  - BetterSegmentedControl (~> 2.0)
  - Bluejay (~> 0.8)
  - Kingfisher (~> 5.0)
  - Moya
  - NVActivityIndicatorView
  - RealmSwift (~> 5.5.0)
  - RxCocoa (~> 5)
  - RxDataSources (~> 4.0)
  - RxReachability
  - RxSwift (~> 5)
  - SnapKit (~> 5.0.0)
  - SVProgressHUD
  - SwiftGen (~> 6.0)

SPEC REPOS:
  trunk:
    - Alamofire
    - BetterSegmentedControl
    - Bluejay
    - Differentiator
    - Kingfisher
    - Moya
    - NVActivityIndicatorView
    - ReachabilitySwift
    - Realm
    - RealmSwift
    - Result
    - RxCocoa
    - RxDataSources
    - RxReachability
    - RxRelay
    - RxSwift
    - SnapKit
    - SVProgressHUD
    - SwiftGen

SPEC CHECKSUMS:
  Alamofire: 85e8a02c69d6020a0d734f6054870d7ecb75cf18
  BetterSegmentedControl: 09607b27861d49cbce48b7673b74f9150a3d371a
  Bluejay: c8c8d544aed264d7cfb2142660e6fdb9430d70b4
  Differentiator: 886080237d9f87f322641dedbc5be257061b0602
  Kingfisher: 6e1a13523fcb1c86924ce53affe4ac957e544d59
  Moya: f4a4b80ff2f8a4ffc208dfb31cd91636622fee6e
  NVActivityIndicatorView: 1f6c5687f1171810aa27a3296814dc2d7dec3667
  ReachabilitySwift: 4032e2f59586e11e3b0ebe15b167abdd587a388b
  Realm: fb399d76f44042e5cdfc630f33828fdb4d077345
  RealmSwift: 3b7e62356207ef16d34de4e55d475163bd2062bb
  Result: bd966fac789cc6c1563440b348ab2598cc24d5c7
  RxCocoa: 32065309a38d29b5b0db858819b5bf9ef038b601
  RxDataSources: efee07fa4de48477eca0a4611e6d11e2da9c1114
  RxReachability: 21d3e96f39bc166a21c357e923f47dec148ca97b
  RxRelay: d77f7d771495f43c556cbc43eebd1bb54d01e8e9
  RxSwift: 81470a2074fa8780320ea5fe4102807cb7118178
  SnapKit: 97b92857e3df3a0c71833cce143274bf6ef8e5eb
  SVProgressHUD: 1428aafac632c1f86f62aa4243ec12008d7a51d6
  SwiftGen: 67860cc7c3cfc2ed25b9b74cfd55495fc89f9108

PODFILE CHECKSUM: f7bd98b6f8d4f203539c4347229e6a420fa37c15

COCOAPODS: 1.9.2
